
Microsoft Visual Studio Solution File, Format Version 12.00
# Visual Studio Version 17
VisualStudioVersion = 17.0.31903.59
MinimumVisualStudioVersion = 10.0.40219.1
Project("{2150E333-8FDC-42A3-9474-1A3956D46DE8}") = "src", "src", "{827E0CD3-B72D-47B6-A68D-7590B98EB39B}"
EndProject
Project("{FAE04EC0-301F-11D3-BF4B-00C04F79EFBC}") = "StockSim.Web", "src\StockSim.Web\StockSim.Web.csproj", "{4C4F3B12-05C3-4A73-B36B-7F4FD3380DF2}"
EndProject
Project("{FAE04EC0-301F-11D3-BF4B-00C04F79EFBC}") = "StockSim.MarketFeed", "src\StockSim.MarketFeed\StockSim.MarketFeed.csproj", "{5E647C9C-0BDA-4384-BA74-66940C5800FC}"
EndProject
Project("{FAE04EC0-301F-11D3-BF4B-00C04F79EFBC}") = "StockSim.Domain", "src\StockSim.Domain\StockSim.Domain.csproj", "{7F5834A9-B789-4F0F-942F-A7635BBCB35B}"
EndProject
Project("{FAE04EC0-301F-11D3-BF4B-00C04F79EFBC}") = "StockSim.Application", "src\StockSim.Application\StockSim.Application.csproj", "{03A200D3-E1CE-4FAD-8D56-5D1BD76B08DE}"
EndProject
Project("{FAE04EC0-301F-11D3-BF4B-00C04F79EFBC}") = "StockSim.Infrastructure", "src\StockSim.Infrastructure\StockSim.Infrastructure.csproj", "{D288CE7F-67DF-4B1A-9222-F3CF1B2AE5D4}"
EndProject
Global
	GlobalSection(SolutionConfigurationPlatforms) = preSolution
		Debug|Any CPU = Debug|Any CPU
		Debug|x64 = Debug|x64
		Debug|x86 = Debug|x86
		Release|Any CPU = Release|Any CPU
		Release|x64 = Release|x64
		Release|x86 = Release|x86
	EndGlobalSection
	GlobalSection(ProjectConfigurationPlatforms) = postSolution
		{4C4F3B12-05C3-4A73-B36B-7F4FD3380DF2}.Debug|Any CPU.ActiveCfg = Debug|Any CPU
		{4C4F3B12-05C3-4A73-B36B-7F4FD3380DF2}.Debug|Any CPU.Build.0 = Debug|Any CPU
		{4C4F3B12-05C3-4A73-B36B-7F4FD3380DF2}.Debug|x64.ActiveCfg = Debug|Any CPU
		{4C4F3B12-05C3-4A73-B36B-7F4FD3380DF2}.Debug|x64.Build.0 = Debug|Any CPU
		{4C4F3B12-05C3-4A73-B36B-7F4FD3380DF2}.Debug|x86.ActiveCfg = Debug|Any CPU
		{4C4F3B12-05C3-4A73-B36B-7F4FD3380DF2}.Debug|x86.Build.0 = Debug|Any CPU
		{4C4F3B12-05C3-4A73-B36B-7F4FD3380DF2}.Release|Any CPU.ActiveCfg = Release|Any CPU
		{4C4F3B12-05C3-4A73-B36B-7F4FD3380DF2}.Release|Any CPU.Build.0 = Release|Any CPU
		{4C4F3B12-05C3-4A73-B36B-7F4FD3380DF2}.Release|x64.ActiveCfg = Release|Any CPU
		{4C4F3B12-05C3-4A73-B36B-7F4FD3380DF2}.Release|x64.Build.0 = Release|Any CPU
		{4C4F3B12-05C3-4A73-B36B-7F4FD3380DF2}.Release|x86.ActiveCfg = Release|Any CPU
		{4C4F3B12-05C3-4A73-B36B-7F4FD3380DF2}.Release|x86.Build.0 = Release|Any CPU
		{5E647C9C-0BDA-4384-BA74-66940C5800FC}.Debug|Any CPU.ActiveCfg = Debug|Any CPU
		{5E647C9C-0BDA-4384-BA74-66940C5800FC}.Debug|Any CPU.Build.0 = Debug|Any CPU
		{5E647C9C-0BDA-4384-BA74-66940C5800FC}.Debug|x64.ActiveCfg = Debug|Any CPU
		{5E647C9C-0BDA-4384-BA74-66940C5800FC}.Debug|x64.Build.0 = Debug|Any CPU
		{5E647C9C-0BDA-4384-BA74-66940C5800FC}.Debug|x86.ActiveCfg = Debug|Any CPU
		{5E647C9C-0BDA-4384-BA74-66940C5800FC}.Debug|x86.Build.0 = Debug|Any CPU
		{5E647C9C-0BDA-4384-BA74-66940C5800FC}.Release|Any CPU.ActiveCfg = Release|Any CPU
		{5E647C9C-0BDA-4384-BA74-66940C5800FC}.Release|Any CPU.Build.0 = Release|Any CPU
		{5E647C9C-0BDA-4384-BA74-66940C5800FC}.Release|x64.ActiveCfg = Release|Any CPU
		{5E647C9C-0BDA-4384-BA74-66940C5800FC}.Release|x64.Build.0 = Release|Any CPU
		{5E647C9C-0BDA-4384-BA74-66940C5800FC}.Release|x86.ActiveCfg = Release|Any CPU
		{5E647C9C-0BDA-4384-BA74-66940C5800FC}.Release|x86.Build.0 = Release|Any CPU
		{7F5834A9-B789-4F0F-942F-A7635BBCB35B}.Debug|Any CPU.ActiveCfg = Debug|Any CPU
		{7F5834A9-B789-4F0F-942F-A7635BBCB35B}.Debug|Any CPU.Build.0 = Debug|Any CPU
		{7F5834A9-B789-4F0F-942F-A7635BBCB35B}.Debug|x64.ActiveCfg = Debug|Any CPU
		{7F5834A9-B789-4F0F-942F-A7635BBCB35B}.Debug|x64.Build.0 = Debug|Any CPU
		{7F5834A9-B789-4F0F-942F-A7635BBCB35B}.Debug|x86.ActiveCfg = Debug|Any CPU
		{7F5834A9-B789-4F0F-942F-A7635BBCB35B}.Debug|x86.Build.0 = Debug|Any CPU
		{7F5834A9-B789-4F0F-942F-A7635BBCB35B}.Release|Any CPU.ActiveCfg = Release|Any CPU
		{7F5834A9-B789-4F0F-942F-A7635BBCB35B}.Release|Any CPU.Build.0 = Release|Any CPU
		{7F5834A9-B789-4F0F-942F-A7635BBCB35B}.Release|x64.ActiveCfg = Release|Any CPU
		{7F5834A9-B789-4F0F-942F-A7635BBCB35B}.Release|x64.Build.0 = Release|Any CPU
		{7F5834A9-B789-4F0F-942F-A7635BBCB35B}.Release|x86.ActiveCfg = Release|Any CPU
		{7F5834A9-B789-4F0F-942F-A7635BBCB35B}.Release|x86.Build.0 = Release|Any CPU
		{03A200D3-E1CE-4FAD-8D56-5D1BD76B08DE}.Debug|Any CPU.ActiveCfg = Debug|Any CPU
		{03A200D3-E1CE-4FAD-8D56-5D1BD76B08DE}.Debug|Any CPU.Build.0 = Debug|Any CPU
		{03A200D3-E1CE-4FAD-8D56-5D1BD76B08DE}.Debug|x64.ActiveCfg = Debug|Any CPU
		{03A200D3-E1CE-4FAD-8D56-5D1BD76B08DE}.Debug|x64.Build.0 = Debug|Any CPU
		{03A200D3-E1CE-4FAD-8D56-5D1BD76B08DE}.Debug|x86.ActiveCfg = Debug|Any CPU
		{03A200D3-E1CE-4FAD-8D56-5D1BD76B08DE}.Debug|x86.Build.0 = Debug|Any CPU
		{03A200D3-E1CE-4FAD-8D56-5D1BD76B08DE}.Release|Any CPU.ActiveCfg = Release|Any CPU
		{03A200D3-E1CE-4FAD-8D56-5D1BD76B08DE}.Release|Any CPU.Build.0 = Release|Any CPU
		{03A200D3-E1CE-4FAD-8D56-5D1BD76B08DE}.Release|x64.ActiveCfg = Release|Any CPU
		{03A200D3-E1CE-4FAD-8D56-5D1BD76B08DE}.Release|x64.Build.0 = Release|Any CPU
		{03A200D3-E1CE-4FAD-8D56-5D1BD76B08DE}.Release|x86.ActiveCfg = Release|Any CPU
		{03A200D3-E1CE-4FAD-8D56-5D1BD76B08DE}.Release|x86.Build.0 = Release|Any CPU
		{D288CE7F-67DF-4B1A-9222-F3CF1B2AE5D4}.Debug|Any CPU.ActiveCfg = Debug|Any CPU
		{D288CE7F-67DF-4B1A-9222-F3CF1B2AE5D4}.Debug|Any CPU.Build.0 = Debug|Any CPU
		{D288CE7F-67DF-4B1A-9222-F3CF1B2AE5D4}.Debug|x64.ActiveCfg = Debug|Any CPU
		{D288CE7F-67DF-4B1A-9222-F3CF1B2AE5D4}.Debug|x64.Build.0 = Debug|Any CPU
		{D288CE7F-67DF-4B1A-9222-F3CF1B2AE5D4}.Debug|x86.ActiveCfg = Debug|Any CPU
		{D288CE7F-67DF-4B1A-9222-F3CF1B2AE5D4}.Debug|x86.Build.0 = Debug|Any CPU
		{D288CE7F-67DF-4B1A-9222-F3CF1B2AE5D4}.Release|Any CPU.ActiveCfg = Release|Any CPU
		{D288CE7F-67DF-4B1A-9222-F3CF1B2AE5D4}.Release|Any CPU.Build.0 = Release|Any CPU
		{D288CE7F-67DF-4B1A-9222-F3CF1B2AE5D4}.Release|x64.ActiveCfg = Release|Any CPU
		{D288CE7F-67DF-4B1A-9222-F3CF1B2AE5D4}.Release|x64.Build.0 = Release|Any CPU
		{D288CE7F-67DF-4B1A-9222-F3CF1B2AE5D4}.Release|x86.ActiveCfg = Release|Any CPU
		{D288CE7F-67DF-4B1A-9222-F3CF1B2AE5D4}.Release|x86.Build.0 = Release|Any CPU
	EndGlobalSection
	GlobalSection(SolutionProperties) = preSolution
		HideSolutionNode = FALSE
	EndGlobalSection
	GlobalSection(NestedProjects) = preSolution
		{4C4F3B12-05C3-4A73-B36B-7F4FD3380DF2} = {827E0CD3-B72D-47B6-A68D-7590B98EB39B}
		{5E647C9C-0BDA-4384-BA74-66940C5800FC} = {827E0CD3-B72D-47B6-A68D-7590B98EB39B}
		{7F5834A9-B789-4F0F-942F-A7635BBCB35B} = {827E0CD3-B72D-47B6-A68D-7590B98EB39B}
		{03A200D3-E1CE-4FAD-8D56-5D1BD76B08DE} = {827E0CD3-B72D-47B6-A68D-7590B98EB39B}
		{D288CE7F-67DF-4B1A-9222-F3CF1B2AE5D4} = {827E0CD3-B72D-47B6-A68D-7590B98EB39B}
	EndGlobalSection
	GlobalSection(ExtensibilityGlobals) = postSolution
		SolutionGuid = {D0A31FB8-8A72-4062-AA0C-76F1AE6C23C5}
	EndGlobalSection
EndGlobal
